
Microsoft Visual Studio Solution File, Format Version 12.00
# Visual Studio Version 16
VisualStudioVersion = 16.0.31702.278
MinimumVisualStudioVersion = 10.0.40219.1
Project("{FAE04EC0-301F-11D3-BF4B-00C04F79EFBC}") = "Part36Delegates", "Part36Delegates\Part36Delegates.csproj", "{1B495043-126C-42FB-A710-84CB3130F90E}"
EndProject
Global
	GlobalSection(SolutionConfigurationPlatforms) = preSolution
		Debug|Any CPU = Debug|Any CPU
		Release|Any CPU = Release|Any CPU
	EndGlobalSection
	GlobalSection(ProjectConfigurationPlatforms) = postSolution
		{1B495043-126C-42FB-A710-84CB3130F90E}.Debug|Any CPU.ActiveCfg = Debug|Any CPU
		{1B495043-126C-42FB-A710-84CB3130F90E}.Debug|Any CPU.Build.0 = Debug|Any CPU
		{1B495043-126C-42FB-A710-84CB3130F90E}.Release|Any CPU.ActiveCfg = Release|Any CPU
		{1B495043-126C-42FB-A710-84CB3130F90E}.Release|Any CPU.Build.0 = Release|Any CPU
	EndGlobalSection
	GlobalSection(SolutionProperties) = preSolution
		HideSolutionNode = FALSE
	EndGlobalSection
	GlobalSection(ExtensibilityGlobals) = postSolution
		SolutionGuid = {046AFB62-F207-4BB6-8C3A-E893384ABD22}
	EndGlobalSection
EndGlobal
